
Microsoft Visual Studio Solution File, Format Version 12.00
# Visual Studio 15
Project("{FAE04EC0-301F-11D3-BF4B-00C04F79EFBC}") = "Assembly-CSharp-Editor", "Assembly-CSharp-Editor.csproj", "{4A0D7475-0091-7D5A-FA8F-F4ECF5056CC2}"
EndProject
Project("{FAE04EC0-301F-11D3-BF4B-00C04F79EFBC}") = "Assembly-CSharp", "Assembly-CSharp.csproj", "{5D73B602-4F98-37D7-2627-0792F6F4BF2B}"
EndProject
Global
	GlobalSection(SolutionConfigurationPlatforms) = preSolution
		Debug|Any CPU = Debug|Any CPU
		Release|Any CPU = Release|Any CPU
	EndGlobalSection
	GlobalSection(ProjectConfigurationPlatforms) = postSolution
		{4A0D7475-0091-7D5A-FA8F-F4ECF5056CC2}.Debug|Any CPU.ActiveCfg = Debug|Any CPU
		{4A0D7475-0091-7D5A-FA8F-F4ECF5056CC2}.Debug|Any CPU.Build.0 = Debug|Any CPU
		{4A0D7475-0091-7D5A-FA8F-F4ECF5056CC2}.Release|Any CPU.ActiveCfg = Release|Any CPU
		{4A0D7475-0091-7D5A-FA8F-F4ECF5056CC2}.Release|Any CPU.Build.0 = Release|Any CPU
		{5D73B602-4F98-37D7-2627-0792F6F4BF2B}.Debug|Any CPU.ActiveCfg = Debug|Any CPU
		{5D73B602-4F98-37D7-2627-0792F6F4BF2B}.Debug|Any CPU.Build.0 = Debug|Any CPU
		{5D73B602-4F98-37D7-2627-0792F6F4BF2B}.Release|Any CPU.ActiveCfg = Release|Any CPU
		{5D73B602-4F98-37D7-2627-0792F6F4BF2B}.Release|Any CPU.Build.0 = Release|Any CPU
	EndGlobalSection
	GlobalSection(SolutionProperties) = preSolution
		HideSolutionNode = FALSE
	EndGlobalSection
EndGlobal
